
Microsoft Visual Studio Solution File, Format Version 12.00
# Visual Studio Version 16
VisualStudioVersion = 16.0.30804.86
MinimumVisualStudioVersion = 10.0.40219.1
Project("{FAE04EC0-301F-11D3-BF4B-00C04F79EFBC}") = "SAPExtractorAPI", "SAPExtractorAPI\SAPExtractorAPI.csproj", "{6EB41A73-D8AD-4BC0-AA81-A783CED977CB}"
EndProject
Global
	GlobalSection(SolutionConfigurationPlatforms) = preSolution
		Debug|Any CPU = Debug|Any CPU
		Release|Any CPU = Release|Any CPU
	EndGlobalSection
	GlobalSection(ProjectConfigurationPlatforms) = postSolution
		{6EB41A73-D8AD-4BC0-AA81-A783CED977CB}.Debug|Any CPU.ActiveCfg = Debug|Any CPU
		{6EB41A73-D8AD-4BC0-AA81-A783CED977CB}.Debug|Any CPU.Build.0 = Debug|Any CPU
		{6EB41A73-D8AD-4BC0-AA81-A783CED977CB}.Release|Any CPU.ActiveCfg = Release|Any CPU
		{6EB41A73-D8AD-4BC0-AA81-A783CED977CB}.Release|Any CPU.Build.0 = Release|Any CPU
	EndGlobalSection
	GlobalSection(SolutionProperties) = preSolution
		HideSolutionNode = FALSE
	EndGlobalSection
	GlobalSection(ExtensibilityGlobals) = postSolution
		SolutionGuid = {B0974AC1-C0D3-474A-9D88-7F37822E9C99}
	EndGlobalSection
EndGlobal
